
Microsoft Visual Studio Solution File, Format Version 12.00
# Visual Studio Version 16
VisualStudioVersion = 16.0.31205.134
MinimumVisualStudioVersion = 10.0.40219.1
Project("{FAE04EC0-301F-11D3-BF4B-00C04F79EFBC}") = "DotNet.VarSub.Console", "DotNet.VarSub.Console\DotNet.VarSub.Console.csproj", "{FAC33BF2-946F-49F1-AA97-C57880C99150}"
EndProject
Project("{9A19103F-16F7-4668-BE54-9A1E7A4F7556}") = "DotNet.VarSub.Core", "DotNet.VarSub.Core\DotNet.VarSub.Core.csproj", "{7E50E956-F3E8-464E-8D51-A4E50E2D2F8D}"
EndProject
Project("{FAE04EC0-301F-11D3-BF4B-00C04F79EFBC}") = "DotNet.VarSub.Core.Tests", "DotNet.VarSub.Core.Tests\DotNet.VarSub.Core.Tests.csproj", "{336E8FC9-5417-4412-AFB8-7D5526EB7AC2}"
EndProject
Global
	GlobalSection(SolutionConfigurationPlatforms) = preSolution
		Debug|Any CPU = Debug|Any CPU
		Release|Any CPU = Release|Any CPU
	EndGlobalSection
	GlobalSection(ProjectConfigurationPlatforms) = postSolution
		{FAC33BF2-946F-49F1-AA97-C57880C99150}.Debug|Any CPU.ActiveCfg = Debug|Any CPU
		{FAC33BF2-946F-49F1-AA97-C57880C99150}.Debug|Any CPU.Build.0 = Debug|Any CPU
		{FAC33BF2-946F-49F1-AA97-C57880C99150}.Release|Any CPU.ActiveCfg = Release|Any CPU
		{FAC33BF2-946F-49F1-AA97-C57880C99150}.Release|Any CPU.Build.0 = Release|Any CPU
		{7E50E956-F3E8-464E-8D51-A4E50E2D2F8D}.Debug|Any CPU.ActiveCfg = Debug|Any CPU
		{7E50E956-F3E8-464E-8D51-A4E50E2D2F8D}.Debug|Any CPU.Build.0 = Debug|Any CPU
		{7E50E956-F3E8-464E-8D51-A4E50E2D2F8D}.Release|Any CPU.ActiveCfg = Release|Any CPU
		{7E50E956-F3E8-464E-8D51-A4E50E2D2F8D}.Release|Any CPU.Build.0 = Release|Any CPU
		{336E8FC9-5417-4412-AFB8-7D5526EB7AC2}.Debug|Any CPU.ActiveCfg = Debug|Any CPU
		{336E8FC9-5417-4412-AFB8-7D5526EB7AC2}.Debug|Any CPU.Build.0 = Debug|Any CPU
		{336E8FC9-5417-4412-AFB8-7D5526EB7AC2}.Release|Any CPU.ActiveCfg = Release|Any CPU
		{336E8FC9-5417-4412-AFB8-7D5526EB7AC2}.Release|Any CPU.Build.0 = Release|Any CPU
	EndGlobalSection
	GlobalSection(SolutionProperties) = preSolution
		HideSolutionNode = FALSE
	EndGlobalSection
	GlobalSection(ExtensibilityGlobals) = postSolution
		SolutionGuid = {1A567B1F-F168-4533-92CB-55ECBAA39418}
	EndGlobalSection
EndGlobal
